
Microsoft Visual Studio Solution File, Format Version 12.00
# Visual Studio Version 16
VisualStudioVersion = 16.0.33130.400
MinimumVisualStudioVersion = 10.0.40219.1
Project("{FAE04EC0-301F-11D3-BF4B-00C04F79EFBC}") = "myfreelance", "myfreelance\myfreelance.csproj", "{965470D8-BB1C-4C54-8146-E1D80B6699FB}"
EndProject
Global
	GlobalSection(SolutionConfigurationPlatforms) = preSolution
		Debug|Any CPU = Debug|Any CPU
		Release|Any CPU = Release|Any CPU
	EndGlobalSection
	GlobalSection(ProjectConfigurationPlatforms) = postSolution
		{965470D8-BB1C-4C54-8146-E1D80B6699FB}.Debug|Any CPU.ActiveCfg = Debug|Any CPU
		{965470D8-BB1C-4C54-8146-E1D80B6699FB}.Debug|Any CPU.Build.0 = Debug|Any CPU
		{965470D8-BB1C-4C54-8146-E1D80B6699FB}.Release|Any CPU.ActiveCfg = Release|Any CPU
		{965470D8-BB1C-4C54-8146-E1D80B6699FB}.Release|Any CPU.Build.0 = Release|Any CPU
	EndGlobalSection
	GlobalSection(SolutionProperties) = preSolution
		HideSolutionNode = FALSE
	EndGlobalSection
	GlobalSection(ExtensibilityGlobals) = postSolution
		SolutionGuid = {44A091B0-ED4C-49EB-ACB5-47BD502E9658}
	EndGlobalSection
EndGlobal
